{
  "name": "web",
  "lockfileVersion": 3,
  "requires": true,
  "packages": {
    "": {
      "name": "web",
      "dependencies": {
        "left-pad": "1.3.0",
        "widget": "1.0.0"
      }
    },
    "node_modules/left-pad": {
      "version": "1.3.0",
      "dependencies": {
        "once": "1.4.0"
      }
    },
    "node_modules/once": {
      "version": "1.4.0"
    },
    "node_modules/widget": {
      "version": "1.0.0"
    }
  }
}
